
Microsoft Visual Studio Solution File, Format Version 12.00
# Visual Studio Version 17
VisualStudioVersion = 17.9.34728.123
MinimumVisualStudioVersion = 10.0.40219.1
Project("{FAE04EC0-301F-11D3-BF4B-00C04F79EFBC}") = "ResourceAllocationProject", "ResourceAllocationProject\ResourceAllocationProject.csproj", "{BB60FCC6-B0DC-437D-8043-5DAC6944B83E}"
EndProject
Global
	GlobalSection(SolutionConfigurationPlatforms) = preSolution
		Debug|Any CPU = Debug|Any CPU
		Release|Any CPU = Release|Any CPU
	EndGlobalSection
	GlobalSection(ProjectConfigurationPlatforms) = postSolution
		{BB60FCC6-B0DC-437D-8043-5DAC6944B83E}.Debug|Any CPU.ActiveCfg = Debug|Any CPU
		{BB60FCC6-B0DC-437D-8043-5DAC6944B83E}.Debug|Any CPU.Build.0 = Debug|Any CPU
		{BB60FCC6-B0DC-437D-8043-5DAC6944B83E}.Release|Any CPU.ActiveCfg = Release|Any CPU
		{BB60FCC6-B0DC-437D-8043-5DAC6944B83E}.Release|Any CPU.Build.0 = Release|Any CPU
	EndGlobalSection
	GlobalSection(SolutionProperties) = preSolution
		HideSolutionNode = FALSE
	EndGlobalSection
	GlobalSection(ExtensibilityGlobals) = postSolution
		SolutionGuid = {51090ACA-1843-43C3-8CBB-1FFCB9C3B3BF}
	EndGlobalSection
EndGlobal
